// !$*UTF8*$!
{
	archiveVersion = 1;
	classes = {
	};
	objectVersion = 56;
	objects = {

/* Begin PBXBuildFile section */
		3C76DF91526F465211F70028 /* Pods_FSCSlutsky.framework in Frameworks */ = {isa = PBXBuildFile; fileRef = 5566F2769C84385494C41535 /* Pods_FSCSlutsky.framework */; };
		4DFA021FC9A95B30E796F62D /* Pods_FSCSlutskyTests.framework in Frameworks */ = {isa = PBXBuildFile; fileRef = 1266F9B9940AB44CD2CAAA52 /* Pods_FSCSlutskyTests.framework */; };
		5C821523350D0B6FADC2E528 /* Pods_FSCSlutsky_FSCSlutskyUITests.framework in Frameworks */ = {isa = PBXBuildFile; fileRef = 336E717C8FF05C2423CEC9A9 /* Pods_FSCSlutsky_FSCSlutskyUITests.framework */; };
		DC12EF9D2AA0649E00122BDB /* NetworkService.swift in Sources */ = {isa = PBXBuildFile; fileRef = DC12EF9C2AA0649E00122BDB /* NetworkService.swift */; };
		DC12EF9F2AA065E500122BDB /* API.swift in Sources */ = {isa = PBXBuildFile; fileRef = DC12EF9E2AA065E500122BDB /* API.swift */; };
		DC12EFA12AA07BED00122BDB /* NetworkingProtocol.swift in Sources */ = {isa = PBXBuildFile; fileRef = DC12EFA02AA07BED00122BDB /* NetworkingProtocol.swift */; };
		DC2C570D2AADF78F00DAE563 /* NewsfeedCellLayoutCalculator.swift in Sources */ = {isa = PBXBuildFile; fileRef = DC2C570C2AADF78F00DAE563 /* NewsfeedCellLayoutCalculator.swift */; };
		DC2C570F2AAE08B400DAE563 /* String + Height.swift in Sources */ = {isa = PBXBuildFile; fileRef = DC2C570E2AAE08B400DAE563 /* String + Height.swift */; };
		DC370AC92A9E5F3B002D12DB /* AppDelegate.swift in Sources */ = {isa = PBXBuildFile; fileRef = DC370AC82A9E5F3B002D12DB /* AppDelegate.swift */; };
		DC370ACB2A9E5F3B002D12DB /* SceneDelegate.swift in Sources */ = {isa = PBXBuildFile; fileRef = DC370ACA2A9E5F3B002D12DB /* SceneDelegate.swift */; };
		DC370ACD2A9E5F3B002D12DB /* AuthViewController.swift in Sources */ = {isa = PBXBuildFile; fileRef = DC370ACC2A9E5F3B002D12DB /* AuthViewController.swift */; };
		DC370AD22A9E5F3E002D12DB /* Assets.xcassets in Resources */ = {isa = PBXBuildFile; fileRef = DC370AD12A9E5F3E002D12DB /* Assets.xcassets */; };
		DC370AD52A9E5F3E002D12DB /* LaunchScreen.storyboard in Resources */ = {isa = PBXBuildFile; fileRef = DC370AD32A9E5F3E002D12DB /* LaunchScreen.storyboard */; };
		DC370AE02A9E5F3F002D12DB /* FSCSlutskyTests.swift in Sources */ = {isa = PBXBuildFile; fileRef = DC370ADF2A9E5F3F002D12DB /* FSCSlutskyTests.swift */; };
		DC370AEA2A9E5F3F002D12DB /* FSCSlutskyUITests.swift in Sources */ = {isa = PBXBuildFile; fileRef = DC370AE92A9E5F3F002D12DB /* FSCSlutskyUITests.swift */; };
		DC370AEC2A9E5F3F002D12DB /* FSCSlutskyUITestsLaunchTests.swift in Sources */ = {isa = PBXBuildFile; fileRef = DC370AEB2A9E5F3F002D12DB /* FSCSlutskyUITestsLaunchTests.swift */; };
		DC48CBC32AACCFE600AB8AC0 /* NewsfeedCell.swift in Sources */ = {isa = PBXBuildFile; fileRef = DC48CBC22AACCFE600AB8AC0 /* NewsfeedCell.swift */; };
		DC48CBC52AACD05C00AB8AC0 /* NewsfeedCell.xib in Resources */ = {isa = PBXBuildFile; fileRef = DC48CBC42AACD05C00AB8AC0 /* NewsfeedCell.xib */; };
		DC6D0A172AAC515B0093FB74 /* NewsfeedViewController.storyboard in Resources */ = {isa = PBXBuildFile; fileRef = DC6D0A162AAC515B0093FB74 /* NewsfeedViewController.storyboard */; };
		DC704B702A9FCDFC0048E52A /* AppConst.swift in Sources */ = {isa = PBXBuildFile; fileRef = DC704B6F2A9FCDFC0048E52A /* AppConst.swift */; };
		DC704B722A9FD1580048E52A /* AuthViewController.storyboard in Resources */ = {isa = PBXBuildFile; fileRef = DC704B712A9FD1580048E52A /* AuthViewController.storyboard */; };
		DC704B742A9FE3650048E52A /* AuthServiceProtocol.swift in Sources */ = {isa = PBXBuildFile; fileRef = DC704B732A9FE3650048E52A /* AuthServiceProtocol.swift */; };
		DC86FFEF2A9E66B900A5DA98 /* AuthService.swift in Sources */ = {isa = PBXBuildFile; fileRef = DC86FFEE2A9E66B900A5DA98 /* AuthService.swift */; };
		DCB8B4952AABA9CB00BD7719 /* FeedResponse.swift in Sources */ = {isa = PBXBuildFile; fileRef = DCB8B4942AABA9CB00BD7719 /* FeedResponse.swift */; };
		DCB8B4972AABBDDC00BD7719 /* NetworkDataFetcher.swift in Sources */ = {isa = PBXBuildFile; fileRef = DCB8B4962AABBDDC00BD7719 /* NetworkDataFetcher.swift */; };
		DCB8B4A02AABC7CD00BD7719 /* NewsfeedPresenter.swift in Sources */ = {isa = PBXBuildFile; fileRef = DCB8B4992AABC7CD00BD7719 /* NewsfeedPresenter.swift */; };
		DCB8B4A12AABC7CD00BD7719 /* NewsfeedWorker.swift in Sources */ = {isa = PBXBuildFile; fileRef = DCB8B49A2AABC7CD00BD7719 /* NewsfeedWorker.swift */; };
		DCB8B4A22AABC7CD00BD7719 /* NewsfeedRouter.swift in Sources */ = {isa = PBXBuildFile; fileRef = DCB8B49B2AABC7CD00BD7719 /* NewsfeedRouter.swift */; };
		DCB8B4A32AABC7CD00BD7719 /* NewsfeedModels.swift in Sources */ = {isa = PBXBuildFile; fileRef = DCB8B49C2AABC7CD00BD7719 /* NewsfeedModels.swift */; };
		DCB8B4A42AABC7CD00BD7719 /* NewsfeedViewController.swift in Sources */ = {isa = PBXBuildFile; fileRef = DCB8B49D2AABC7CD00BD7719 /* NewsfeedViewController.swift */; };
		DCB8B4A52AABC7CD00BD7719 /* NewsfeedInteractor.swift in Sources */ = {isa = PBXBuildFile; fileRef = DCB8B49E2AABC7CD00BD7719 /* NewsfeedInteractor.swift */; };
		DCB951912AAD0ECC002B708B /* WebImageView.swift in Sources */ = {isa = PBXBuildFile; fileRef = DCB951902AAD0ECC002B708B /* WebImageView.swift */; };
/* End PBXBuildFile section */

/* Begin PBXContainerItemProxy section */
		DC370ADC2A9E5F3F002D12DB /* PBXContainerItemProxy */ = {
			isa = PBXContainerItemProxy;
			containerPortal = DC370ABD2A9E5F3B002D12DB /* Project object */;
			proxyType = 1;
			remoteGlobalIDString = DC370AC42A9E5F3B002D12DB;
			remoteInfo = FSCSlutsky;
		};
		DC370AE62A9E5F3F002D12DB /* PBXContainerItemProxy */ = {
			isa = PBXContainerItemProxy;
			containerPortal = DC370ABD2A9E5F3B002D12DB /* Project object */;
			proxyType = 1;
			remoteGlobalIDString = DC370AC42A9E5F3B002D12DB;
			remoteInfo = FSCSlutsky;
		};
/* End PBXContainerItemProxy section */

/* Begin PBXFileReference section */
		1266F9B9940AB44CD2CAAA52 /* Pods_FSCSlutskyTests.framework */ = {isa = PBXFileReference; explicitFileType = wrapper.framework; includeInIndex = 0; path = Pods_FSCSlutskyTests.framework; sourceTree = BUILT_PRODUCTS_DIR; };
		336E717C8FF05C2423CEC9A9 /* Pods_FSCSlutsky_FSCSlutskyUITests.framework */ = {isa = PBXFileReference; explicitFileType = wrapper.framework; includeInIndex = 0; path = Pods_FSCSlutsky_FSCSlutskyUITests.framework; sourceTree = BUILT_PRODUCTS_DIR; };
		5566F2769C84385494C41535 /* Pods_FSCSlutsky.framework */ = {isa = PBXFileReference; explicitFileType = wrapper.framework; includeInIndex = 0; path = Pods_FSCSlutsky.framework; sourceTree = BUILT_PRODUCTS_DIR; };
		5B6519AEB16D0623A05BD232 /* Pods-FSCSlutsky.release.xcconfig */ = {isa = PBXFileReference; includeInIndex = 1; lastKnownFileType = text.xcconfig; name = "Pods-FSCSlutsky.release.xcconfig"; path = "Target Support Files/Pods-FSCSlutsky/Pods-FSCSlutsky.release.xcconfig"; sourceTree = "<group>"; };
		5F6EAF22E754C5DB93774259 /* Pods-FSCSlutskyTests.debug.xcconfig */ = {isa = PBXFileReference; includeInIndex = 1; lastKnownFileType = text.xcconfig; name = "Pods-FSCSlutskyTests.debug.xcconfig"; path = "Target Support Files/Pods-FSCSlutskyTests/Pods-FSCSlutskyTests.debug.xcconfig"; sourceTree = "<group>"; };
		67F229982E9751C8DCC3883B /* Pods-FSCSlutsky.debug.xcconfig */ = {isa = PBXFileReference; includeInIndex = 1; lastKnownFileType = text.xcconfig; name = "Pods-FSCSlutsky.debug.xcconfig"; path = "Target Support Files/Pods-FSCSlutsky/Pods-FSCSlutsky.debug.xcconfig"; sourceTree = "<group>"; };
		DC12EF9C2AA0649E00122BDB /* NetworkService.swift */ = {isa = PBXFileReference; lastKnownFileType = sourcecode.swift; path = NetworkService.swift; sourceTree = "<group>"; };
		DC12EF9E2AA065E500122BDB /* API.swift */ = {isa = PBXFileReference; lastKnownFileType = sourcecode.swift; path = API.swift; sourceTree = "<group>"; };
		DC12EFA02AA07BED00122BDB /* NetworkingProtocol.swift */ = {isa = PBXFileReference; lastKnownFileType = sourcecode.swift; path = NetworkingProtocol.swift; sourceTree = "<group>"; };
		DC2C570C2AADF78F00DAE563 /* NewsfeedCellLayoutCalculator.swift */ = {isa = PBXFileReference; lastKnownFileType = sourcecode.swift; path = NewsfeedCellLayoutCalculator.swift; sourceTree = "<group>"; };
		DC2C570E2AAE08B400DAE563 /* String + Height.swift */ = {isa = PBXFileReference; lastKnownFileType = sourcecode.swift; path = "String + Height.swift"; sourceTree = "<group>"; };
		DC370AC52A9E5F3B002D12DB /* FSCSlutsky.app */ = {isa = PBXFileReference; explicitFileType = wrapper.application; includeInIndex = 0; path = FSCSlutsky.app; sourceTree = BUILT_PRODUCTS_DIR; };
		DC370AC82A9E5F3B002D12DB /* AppDelegate.swift */ = {isa = PBXFileReference; lastKnownFileType = sourcecode.swift; path = AppDelegate.swift; sourceTree = "<group>"; };
		DC370ACA2A9E5F3B002D12DB /* SceneDelegate.swift */ = {isa = PBXFileReference; lastKnownFileType = sourcecode.swift; path = SceneDelegate.swift; sourceTree = "<group>"; };
		DC370ACC2A9E5F3B002D12DB /* AuthViewController.swift */ = {isa = PBXFileReference; lastKnownFileType = sourcecode.swift; path = AuthViewController.swift; sourceTree = "<group>"; };
		DC370AD12A9E5F3E002D12DB /* Assets.xcassets */ = {isa = PBXFileReference; lastKnownFileType = folder.assetcatalog; path = Assets.xcassets; sourceTree = "<group>"; };
		DC370AD42A9E5F3E002D12DB /* Base */ = {isa = PBXFileReference; lastKnownFileType = file.storyboard; name = Base; path = Base.lproj/LaunchScreen.storyboard; sourceTree = "<group>"; };
		DC370AD62A9E5F3E002D12DB /* Info.plist */ = {isa = PBXFileReference; lastKnownFileType = text.plist.xml; path = Info.plist; sourceTree = "<group>"; };
		DC370ADB2A9E5F3F002D12DB /* FSCSlutskyTests.xctest */ = {isa = PBXFileReference; explicitFileType = wrapper.cfbundle; includeInIndex = 0; path = FSCSlutskyTests.xctest; sourceTree = BUILT_PRODUCTS_DIR; };
		DC370ADF2A9E5F3F002D12DB /* FSCSlutskyTests.swift */ = {isa = PBXFileReference; lastKnownFileType = sourcecode.swift; path = FSCSlutskyTests.swift; sourceTree = "<group>"; };
		DC370AE52A9E5F3F002D12DB /* FSCSlutskyUITests.xctest */ = {isa = PBXFileReference; explicitFileType = wrapper.cfbundle; includeInIndex = 0; path = FSCSlutskyUITests.xctest; sourceTree = BUILT_PRODUCTS_DIR; };
		DC370AE92A9E5F3F002D12DB /* FSCSlutskyUITests.swift */ = {isa = PBXFileReference; lastKnownFileType = sourcecode.swift; path = FSCSlutskyUITests.swift; sourceTree = "<group>"; };
		DC370AEB2A9E5F3F002D12DB /* FSCSlutskyUITestsLaunchTests.swift */ = {isa = PBXFileReference; lastKnownFileType = sourcecode.swift; path = FSCSlutskyUITestsLaunchTests.swift; sourceTree = "<group>"; };
		DC48CBC22AACCFE600AB8AC0 /* NewsfeedCell.swift */ = {isa = PBXFileReference; lastKnownFileType = sourcecode.swift; path = NewsfeedCell.swift; sourceTree = "<group>"; };
		DC48CBC42AACD05C00AB8AC0 /* NewsfeedCell.xib */ = {isa = PBXFileReference; lastKnownFileType = file.xib; path = NewsfeedCell.xib; sourceTree = "<group>"; };
		DC6D0A162AAC515B0093FB74 /* NewsfeedViewController.storyboard */ = {isa = PBXFileReference; lastKnownFileType = file.storyboard; path = NewsfeedViewController.storyboard; sourceTree = "<group>"; };
		DC704B6F2A9FCDFC0048E52A /* AppConst.swift */ = {isa = PBXFileReference; lastKnownFileType = sourcecode.swift; path = AppConst.swift; sourceTree = "<group>"; };
		DC704B712A9FD1580048E52A /* AuthViewController.storyboard */ = {isa = PBXFileReference; lastKnownFileType = file.storyboard; path = AuthViewController.storyboard; sourceTree = "<group>"; };
		DC704B732A9FE3650048E52A /* AuthServiceProtocol.swift */ = {isa = PBXFileReference; lastKnownFileType = sourcecode.swift; path = AuthServiceProtocol.swift; sourceTree = "<group>"; };
		DC86FFEE2A9E66B900A5DA98 /* AuthService.swift */ = {isa = PBXFileReference; lastKnownFileType = sourcecode.swift; path = AuthService.swift; sourceTree = "<group>"; };
		DCB8B4942AABA9CB00BD7719 /* FeedResponse.swift */ = {isa = PBXFileReference; lastKnownFileType = sourcecode.swift; path = FeedResponse.swift; sourceTree = "<group>"; };
		DCB8B4962AABBDDC00BD7719 /* NetworkDataFetcher.swift */ = {isa = PBXFileReference; lastKnownFileType = sourcecode.swift; path = NetworkDataFetcher.swift; sourceTree = "<group>"; };
		DCB8B4992AABC7CD00BD7719 /* NewsfeedPresenter.swift */ = {isa = PBXFileReference; lastKnownFileType = sourcecode.swift; path = NewsfeedPresenter.swift; sourceTree = "<group>"; };
		DCB8B49A2AABC7CD00BD7719 /* NewsfeedWorker.swift */ = {isa = PBXFileReference; lastKnownFileType = sourcecode.swift; path = NewsfeedWorker.swift; sourceTree = "<group>"; };
		DCB8B49B2AABC7CD00BD7719 /* NewsfeedRouter.swift */ = {isa = PBXFileReference; lastKnownFileType = sourcecode.swift; path = NewsfeedRouter.swift; sourceTree = "<group>"; };
		DCB8B49C2AABC7CD00BD7719 /* NewsfeedModels.swift */ = {isa = PBXFileReference; lastKnownFileType = sourcecode.swift; path = NewsfeedModels.swift; sourceTree = "<group>"; };
		DCB8B49D2AABC7CD00BD7719 /* NewsfeedViewController.swift */ = {isa = PBXFileReference; lastKnownFileType = sourcecode.swift; path = NewsfeedViewController.swift; sourceTree = "<group>"; };
		DCB8B49E2AABC7CD00BD7719 /* NewsfeedInteractor.swift */ = {isa = PBXFileReference; lastKnownFileType = sourcecode.swift; path = NewsfeedInteractor.swift; sourceTree = "<group>"; };
		DCB951902AAD0ECC002B708B /* WebImageView.swift */ = {isa = PBXFileReference; lastKnownFileType = sourcecode.swift; path = WebImageView.swift; sourceTree = "<group>"; };
		DCDEF8476ECBF56C7B9E82BB /* Pods-FSCSlutsky-FSCSlutskyUITests.debug.xcconfig */ = {isa = PBXFileReference; includeInIndex = 1; lastKnownFileType = text.xcconfig; name = "Pods-FSCSlutsky-FSCSlutskyUITests.debug.xcconfig"; path = "Target Support Files/Pods-FSCSlutsky-FSCSlutskyUITests/Pods-FSCSlutsky-FSCSlutskyUITests.debug.xcconfig"; sourceTree = "<group>"; };
		E3D22E325DB0345D7C5C8072 /* Pods-FSCSlutskyTests.release.xcconfig */ = {isa = PBXFileReference; includeInIndex = 1; lastKnownFileType = text.xcconfig; name = "Pods-FSCSlutskyTests.release.xcconfig"; path = "Target Support Files/Pods-FSCSlutskyTests/Pods-FSCSlutskyTests.release.xcconfig"; sourceTree = "<group>"; };
		FBE17BCC8577506561842DC5 /* Pods-FSCSlutsky-FSCSlutskyUITests.release.xcconfig */ = {isa = PBXFileReference; includeInIndex = 1; lastKnownFileType = text.xcconfig; name = "Pods-FSCSlutsky-FSCSlutskyUITests.release.xcconfig"; path = "Target Support Files/Pods-FSCSlutsky-FSCSlutskyUITests/Pods-FSCSlutsky-FSCSlutskyUITests.release.xcconfig"; sourceTree = "<group>"; };
/* End PBXFileReference section */

/* Begin PBXFrameworksBuildPhase section */
		DC370AC22A9E5F3B002D12DB /* Frameworks */ = {
			isa = PBXFrameworksBuildPhase;
			buildActionMask = 2147483647;
			files = (
				3C76DF91526F465211F70028 /* Pods_FSCSlutsky.framework in Frameworks */,
			);
			runOnlyForDeploymentPostprocessing = 0;
		};
		DC370AD82A9E5F3F002D12DB /* Frameworks */ = {
			isa = PBXFrameworksBuildPhase;
			buildActionMask = 2147483647;
			files = (
				4DFA021FC9A95B30E796F62D /* Pods_FSCSlutskyTests.framework in Frameworks */,
			);
			runOnlyForDeploymentPostprocessing = 0;
		};
		DC370AE22A9E5F3F002D12DB /* Frameworks */ = {
			isa = PBXFrameworksBuildPhase;
			buildActionMask = 2147483647;
			files = (
				5C821523350D0B6FADC2E528 /* Pods_FSCSlutsky_FSCSlutskyUITests.framework in Frameworks */,
			);
			runOnlyForDeploymentPostprocessing = 0;
		};
/* End PBXFrameworksBuildPhase section */

/* Begin PBXGroup section */
		0E4196E3E562941980E3A5DA /* Pods */ = {
			isa = PBXGroup;
			children = (
				67F229982E9751C8DCC3883B /* Pods-FSCSlutsky.debug.xcconfig */,
				5B6519AEB16D0623A05BD232 /* Pods-FSCSlutsky.release.xcconfig */,
				DCDEF8476ECBF56C7B9E82BB /* Pods-FSCSlutsky-FSCSlutskyUITests.debug.xcconfig */,
				FBE17BCC8577506561842DC5 /* Pods-FSCSlutsky-FSCSlutskyUITests.release.xcconfig */,
				5F6EAF22E754C5DB93774259 /* Pods-FSCSlutskyTests.debug.xcconfig */,
				E3D22E325DB0345D7C5C8072 /* Pods-FSCSlutskyTests.release.xcconfig */,
			);
			path = Pods;
			sourceTree = "<group>";
		};
		CCC5C050878CD56A9D2075CD /* Frameworks */ = {
			isa = PBXGroup;
			children = (
				5566F2769C84385494C41535 /* Pods_FSCSlutsky.framework */,
				336E717C8FF05C2423CEC9A9 /* Pods_FSCSlutsky_FSCSlutskyUITests.framework */,
				1266F9B9940AB44CD2CAAA52 /* Pods_FSCSlutskyTests.framework */,
			);
			name = Frameworks;
			sourceTree = "<group>";
		};
		DC370ABC2A9E5F3B002D12DB = {
			isa = PBXGroup;
			children = (
				DC370AC72A9E5F3B002D12DB /* FSCSlutsky */,
				DC370ADE2A9E5F3F002D12DB /* FSCSlutskyTests */,
				DC370AE82A9E5F3F002D12DB /* FSCSlutskyUITests */,
				DC370AC62A9E5F3B002D12DB /* Products */,
				0E4196E3E562941980E3A5DA /* Pods */,
				CCC5C050878CD56A9D2075CD /* Frameworks */,
			);
			sourceTree = "<group>";
		};
		DC370AC62A9E5F3B002D12DB /* Products */ = {
			isa = PBXGroup;
			children = (
				DC370AC52A9E5F3B002D12DB /* FSCSlutsky.app */,
				DC370ADB2A9E5F3F002D12DB /* FSCSlutskyTests.xctest */,
				DC370AE52A9E5F3F002D12DB /* FSCSlutskyUITests.xctest */,
			);
			name = Products;
			sourceTree = "<group>";
		};
		DC370AC72A9E5F3B002D12DB /* FSCSlutsky */ = {
			isa = PBXGroup;
			children = (
				DCB8B4982AABC78700BD7719 /* Newsfeed */,
				DCB8B4932AABA99600BD7719 /* Model */,
				DC704B7A2A9FE9680048E52A /* AuthViewController */,
				DC704B6E2A9FCDCA0048E52A /* Core */,
				DC86FFED2A9E668F00A5DA98 /* Services */,
				DC370AC82A9E5F3B002D12DB /* AppDelegate.swift */,
				DC370ACA2A9E5F3B002D12DB /* SceneDelegate.swift */,
				DC370AD12A9E5F3E002D12DB /* Assets.xcassets */,
				DC370AD32A9E5F3E002D12DB /* LaunchScreen.storyboard */,
				DC370AD62A9E5F3E002D12DB /* Info.plist */,
			);
			path = FSCSlutsky;
			sourceTree = "<group>";
		};
		DC370ADE2A9E5F3F002D12DB /* FSCSlutskyTests */ = {
			isa = PBXGroup;
			children = (
				DC370ADF2A9E5F3F002D12DB /* FSCSlutskyTests.swift */,
			);
			path = FSCSlutskyTests;
			sourceTree = "<group>";
		};
		DC370AE82A9E5F3F002D12DB /* FSCSlutskyUITests */ = {
			isa = PBXGroup;
			children = (
				DC370AE92A9E5F3F002D12DB /* FSCSlutskyUITests.swift */,
				DC370AEB2A9E5F3F002D12DB /* FSCSlutskyUITestsLaunchTests.swift */,
			);
			path = FSCSlutskyUITests;
			sourceTree = "<group>";
		};
		DC48CBC12AACCFC600AB8AC0 /* Cell */ = {
			isa = PBXGroup;
			children = (
				DC48CBC22AACCFE600AB8AC0 /* NewsfeedCell.swift */,
				DC48CBC42AACD05C00AB8AC0 /* NewsfeedCell.xib */,
				DC2C570C2AADF78F00DAE563 /* NewsfeedCellLayoutCalculator.swift */,
			);
			path = Cell;
			sourceTree = "<group>";
		};
		DC704B6E2A9FCDCA0048E52A /* Core */ = {
			isa = PBXGroup;
			children = (
				DC704B6F2A9FCDFC0048E52A /* AppConst.swift */,
				DCB951902AAD0ECC002B708B /* WebImageView.swift */,
				DC2C570E2AAE08B400DAE563 /* String + Height.swift */,
			);
			path = Core;
			sourceTree = "<group>";
		};
		DC704B7A2A9FE9680048E52A /* AuthViewController */ = {
			isa = PBXGroup;
			children = (
				DC370ACC2A9E5F3B002D12DB /* AuthViewController.swift */,
				DC704B712A9FD1580048E52A /* AuthViewController.storyboard */,
			);
			path = AuthViewController;
			sourceTree = "<group>";
		};
		DC86FFED2A9E668F00A5DA98 /* Services */ = {
			isa = PBXGroup;
			children = (
				DC86FFEE2A9E66B900A5DA98 /* AuthService.swift */,
				DC704B732A9FE3650048E52A /* AuthServiceProtocol.swift */,
				DC12EF9C2AA0649E00122BDB /* NetworkService.swift */,
				DC12EF9E2AA065E500122BDB /* API.swift */,
				DC12EFA02AA07BED00122BDB /* NetworkingProtocol.swift */,
				DCB8B4962AABBDDC00BD7719 /* NetworkDataFetcher.swift */,
			);
			path = Services;
			sourceTree = "<group>";
		};
		DCB8B4932AABA99600BD7719 /* Model */ = {
			isa = PBXGroup;
			children = (
				DCB8B4942AABA9CB00BD7719 /* FeedResponse.swift */,
			);
			path = Model;
			sourceTree = "<group>";
		};
		DCB8B4982AABC78700BD7719 /* Newsfeed */ = {
			isa = PBXGroup;
			children = (
				DC48CBC12AACCFC600AB8AC0 /* Cell */,
				DC6D0A162AAC515B0093FB74 /* NewsfeedViewController.storyboard */,
				DCB8B49D2AABC7CD00BD7719 /* NewsfeedViewController.swift */,
				DCB8B49E2AABC7CD00BD7719 /* NewsfeedInteractor.swift */,
				DCB8B4992AABC7CD00BD7719 /* NewsfeedPresenter.swift */,
				DCB8B49C2AABC7CD00BD7719 /* NewsfeedModels.swift */,
				DCB8B49A2AABC7CD00BD7719 /* NewsfeedWorker.swift */,
				DCB8B49B2AABC7CD00BD7719 /* NewsfeedRouter.swift */,
			);
			path = Newsfeed;
			sourceTree = "<group>";
		};
/* End PBXGroup section */

/* Begin PBXNativeTarget section */
		DC370AC42A9E5F3B002D12DB /* FSCSlutsky */ = {
			isa = PBXNativeTarget;
			buildConfigurationList = DC370AEF2A9E5F3F002D12DB /* Build configuration list for PBXNativeTarget "FSCSlutsky" */;
			buildPhases = (
				8393666059784135237BBA98 /* [CP] Check Pods Manifest.lock */,
				DC370AC12A9E5F3B002D12DB /* Sources */,
				DC370AC22A9E5F3B002D12DB /* Frameworks */,
				DC370AC32A9E5F3B002D12DB /* Resources */,
				3C06C0397AE0D5406838522E /* [CP] Embed Pods Frameworks */,
			);
			buildRules = (
			);
			dependencies = (
			);
			name = FSCSlutsky;
			productName = FSCSlutsky;
			productReference = DC370AC52A9E5F3B002D12DB /* FSCSlutsky.app */;
			productType = "com.apple.product-type.application";
		};
		DC370ADA2A9E5F3F002D12DB /* FSCSlutskyTests */ = {
			isa = PBXNativeTarget;
			buildConfigurationList = DC370AF22A9E5F3F002D12DB /* Build configuration list for PBXNativeTarget "FSCSlutskyTests" */;
			buildPhases = (
				C93C10C4E3F089EF7BEDCDE5 /* [CP] Check Pods Manifest.lock */,
				DC370AD72A9E5F3F002D12DB /* Sources */,
				DC370AD82A9E5F3F002D12DB /* Frameworks */,
				DC370AD92A9E5F3F002D12DB /* Resources */,
			);
			buildRules = (
			);
			dependencies = (
				DC370ADD2A9E5F3F002D12DB /* PBXTargetDependency */,
			);
			name = FSCSlutskyTests;
			productName = FSCSlutskyTests;
			productReference = DC370ADB2A9E5F3F002D12DB /* FSCSlutskyTests.xctest */;
			productType = "com.apple.product-type.bundle.unit-test";
		};
		DC370AE42A9E5F3F002D12DB /* FSCSlutskyUITests */ = {
			isa = PBXNativeTarget;
			buildConfigurationList = DC370AF52A9E5F3F002D12DB /* Build configuration list for PBXNativeTarget "FSCSlutskyUITests" */;
			buildPhases = (
				03925E4C30966A1B9E84A652 /* [CP] Check Pods Manifest.lock */,
				DC370AE12A9E5F3F002D12DB /* Sources */,
				DC370AE22A9E5F3F002D12DB /* Frameworks */,
				DC370AE32A9E5F3F002D12DB /* Resources */,
				F8030DFD673F7F82E7833E49 /* [CP] Embed Pods Frameworks */,
			);
			buildRules = (
			);
			dependencies = (
				DC370AE72A9E5F3F002D12DB /* PBXTargetDependency */,
			);
			name = FSCSlutskyUITests;
			productName = FSCSlutskyUITests;
			productReference = DC370AE52A9E5F3F002D12DB /* FSCSlutskyUITests.xctest */;
			productType = "com.apple.product-type.bundle.ui-testing";
		};
/* End PBXNativeTarget section */

/* Begin PBXProject section */
		DC370ABD2A9E5F3B002D12DB /* Project object */ = {
			isa = PBXProject;
			attributes = {
				BuildIndependentTargetsInParallel = 1;
				LastSwiftUpdateCheck = 1430;
				LastUpgradeCheck = 1430;
				TargetAttributes = {
					DC370AC42A9E5F3B002D12DB = {
						CreatedOnToolsVersion = 14.3.1;
					};
					DC370ADA2A9E5F3F002D12DB = {
						CreatedOnToolsVersion = 14.3.1;
						TestTargetID = DC370AC42A9E5F3B002D12DB;
					};
					DC370AE42A9E5F3F002D12DB = {
						CreatedOnToolsVersion = 14.3.1;
						TestTargetID = DC370AC42A9E5F3B002D12DB;
					};
				};
			};
			buildConfigurationList = DC370AC02A9E5F3B002D12DB /* Build configuration list for PBXProject "FSCSlutsky" */;
			compatibilityVersion = "Xcode 14.0";
			developmentRegion = en;
			hasScannedForEncodings = 0;
			knownRegions = (
				en,
				Base,
			);
			mainGroup = DC370ABC2A9E5F3B002D12DB;
			productRefGroup = DC370AC62A9E5F3B002D12DB /* Products */;
			projectDirPath = "";
			projectRoot = "";
			targets = (
				DC370AC42A9E5F3B002D12DB /* FSCSlutsky */,
				DC370ADA2A9E5F3F002D12DB /* FSCSlutskyTests */,
				DC370AE42A9E5F3F002D12DB /* FSCSlutskyUITests */,
			);
		};
/* End PBXProject section */

/* Begin PBXResourcesBuildPhase section */
		DC370AC32A9E5F3B002D12DB /* Resources */ = {
			isa = PBXResourcesBuildPhase;
			buildActionMask = 2147483647;
			files = (
				DC370AD52A9E5F3E002D12DB /* LaunchScreen.storyboard in Resources */,
				DC704B722A9FD1580048E52A /* AuthViewController.storyboard in Resources */,
				DC6D0A172AAC515B0093FB74 /* NewsfeedViewController.storyboard in Resources */,
				DC370AD22A9E5F3E002D12DB /* Assets.xcassets in Resources */,
				DC48CBC52AACD05C00AB8AC0 /* NewsfeedCell.xib in Resources */,
			);
			runOnlyForDeploymentPostprocessing = 0;
		};
		DC370AD92A9E5F3F002D12DB /* Resources */ = {
			isa = PBXResourcesBuildPhase;
			buildActionMask = 2147483647;
			files = (
			);
			runOnlyForDeploymentPostprocessing = 0;
		};
		DC370AE32A9E5F3F002D12DB /* Resources */ = {
			isa = PBXResourcesBuildPhase;
			buildActionMask = 2147483647;
			files = (
			);
			runOnlyForDeploymentPostprocessing = 0;
		};
/* End PBXResourcesBuildPhase section */

/* Begin PBXShellScriptBuildPhase section */
		03925E4C30966A1B9E84A652 /* [CP] Check Pods Manifest.lock */ = {
			isa = PBXShellScriptBuildPhase;
			buildActionMask = 2147483647;
			files = (
			);
			inputFileListPaths = (
			);
			inputPaths = (
				"${PODS_PODFILE_DIR_PATH}/Podfile.lock",
				"${PODS_ROOT}/Manifest.lock",
			);
			name = "[CP] Check Pods Manifest.lock";
			outputFileListPaths = (
			);
			outputPaths = (
				"$(DERIVED_FILE_DIR)/Pods-FSCSlutsky-FSCSlutskyUITests-checkManifestLockResult.txt",
			);
			runOnlyForDeploymentPostprocessing = 0;
			shellPath = /bin/sh;
			shellScript = "diff \"${PODS_PODFILE_DIR_PATH}/Podfile.lock\" \"${PODS_ROOT}/Manifest.lock\" > /dev/null\nif [ $? != 0 ] ; then\n    # print error to STDERR\n    echo \"error: The sandbox is not in sync with the Podfile.lock. Run 'pod install' or update your CocoaPods installation.\" >&2\n    exit 1\nfi\n# This output is used by Xcode 'outputs' to avoid re-running this script phase.\necho \"SUCCESS\" > \"${SCRIPT_OUTPUT_FILE_0}\"\n";
			showEnvVarsInLog = 0;
		};
		3C06C0397AE0D5406838522E /* [CP] Embed Pods Frameworks */ = {
			isa = PBXShellScriptBuildPhase;
			buildActionMask = 2147483647;
			files = (
			);
			inputFileListPaths = (
				"${PODS_ROOT}/Target Support Files/Pods-FSCSlutsky/Pods-FSCSlutsky-frameworks-${CONFIGURATION}-input-files.xcfilelist",
			);
			name = "[CP] Embed Pods Frameworks";
			outputFileListPaths = (
				"${PODS_ROOT}/Target Support Files/Pods-FSCSlutsky/Pods-FSCSlutsky-frameworks-${CONFIGURATION}-output-files.xcfilelist",
			);
			runOnlyForDeploymentPostprocessing = 0;
			shellPath = /bin/sh;
			shellScript = "\"${PODS_ROOT}/Target Support Files/Pods-FSCSlutsky/Pods-FSCSlutsky-frameworks.sh\"\n";
			showEnvVarsInLog = 0;
		};
		8393666059784135237BBA98 /* [CP] Check Pods Manifest.lock */ = {
			isa = PBXShellScriptBuildPhase;
			buildActionMask = 2147483647;
			files = (
			);
			inputFileListPaths = (
			);
			inputPaths = (
				"${PODS_PODFILE_DIR_PATH}/Podfile.lock",
				"${PODS_ROOT}/Manifest.lock",
			);
			name = "[CP] Check Pods Manifest.lock";
			outputFileListPaths = (
			);
			outputPaths = (
				"$(DERIVED_FILE_DIR)/Pods-FSCSlutsky-checkManifestLockResult.txt",
			);
			runOnlyForDeploymentPostprocessing = 0;
			shellPath = /bin/sh;
			shellScript = "diff \"${PODS_PODFILE_DIR_PATH}/Podfile.lock\" \"${PODS_ROOT}/Manifest.lock\" > /dev/null\nif [ $? != 0 ] ; then\n    # print error to STDERR\n    echo \"error: The sandbox is not in sync with the Podfile.lock. Run 'pod install' or update your CocoaPods installation.\" >&2\n    exit 1\nfi\n# This output is used by Xcode 'outputs' to avoid re-running this script phase.\necho \"SUCCESS\" > \"${SCRIPT_OUTPUT_FILE_0}\"\n";
			showEnvVarsInLog = 0;
		};
		C93C10C4E3F089EF7BEDCDE5 /* [CP] Check Pods Manifest.lock */ = {
			isa = PBXShellScriptBuildPhase;
			buildActionMask = 2147483647;
			files = (
			);
			inputFileListPaths = (
			);
			inputPaths = (
				"${PODS_PODFILE_DIR_PATH}/Podfile.lock",
				"${PODS_ROOT}/Manifest.lock",
			);
			name = "[CP] Check Pods Manifest.lock";
			outputFileListPaths = (
			);
			outputPaths = (
				"$(DERIVED_FILE_DIR)/Pods-FSCSlutskyTests-checkManifestLockResult.txt",
			);
			runOnlyForDeploymentPostprocessing = 0;
			shellPath = /bin/sh;
			shellScript = "diff \"${PODS_PODFILE_DIR_PATH}/Podfile.lock\" \"${PODS_ROOT}/Manifest.lock\" > /dev/null\nif [ $? != 0 ] ; then\n    # print error to STDERR\n    echo \"error: The sandbox is not in sync with the Podfile.lock. Run 'pod install' or update your CocoaPods installation.\" >&2\n    exit 1\nfi\n# This output is used by Xcode 'outputs' to avoid re-running this script phase.\necho \"SUCCESS\" > \"${SCRIPT_OUTPUT_FILE_0}\"\n";
			showEnvVarsInLog = 0;
		};
		F8030DFD673F7F82E7833E49 /* [CP] Embed Pods Frameworks */ = {
			isa = PBXShellScriptBuildPhase;
			buildActionMask = 2147483647;
			files = (
			);
			inputFileListPaths = (
				"${PODS_ROOT}/Target Support Files/Pods-FSCSlutsky-FSCSlutskyUITests/Pods-FSCSlutsky-FSCSlutskyUITests-frameworks-${CONFIGURATION}-input-files.xcfilelist",
			);
			name = "[CP] Embed Pods Frameworks";
			outputFileListPaths = (
				"${PODS_ROOT}/Target Support Files/Pods-FSCSlutsky-FSCSlutskyUITests/Pods-FSCSlutsky-FSCSlutskyUITests-frameworks-${CONFIGURATION}-output-files.xcfilelist",
			);
			runOnlyForDeploymentPostprocessing = 0;
			shellPath = /bin/sh;
			shellScript = "\"${PODS_ROOT}/Target Support Files/Pods-FSCSlutsky-FSCSlutskyUITests/Pods-FSCSlutsky-FSCSlutskyUITests-frameworks.sh\"\n";
			showEnvVarsInLog = 0;
		};
/* End PBXShellScriptBuildPhase section */

/* Begin PBXSourcesBuildPhase section */
		DC370AC12A9E5F3B002D12DB /* Sources */ = {
			isa = PBXSourcesBuildPhase;
			buildActionMask = 2147483647;
			files = (
				DCB8B4A02AABC7CD00BD7719 /* NewsfeedPresenter.swift in Sources */,
				DC48CBC32AACCFE600AB8AC0 /* NewsfeedCell.swift in Sources */,
				DCB8B4972AABBDDC00BD7719 /* NetworkDataFetcher.swift in Sources */,
				DCB8B4A22AABC7CD00BD7719 /* NewsfeedRouter.swift in Sources */,
				DC370ACD2A9E5F3B002D12DB /* AuthViewController.swift in Sources */,
				DCB8B4A42AABC7CD00BD7719 /* NewsfeedViewController.swift in Sources */,
				DCB8B4A32AABC7CD00BD7719 /* NewsfeedModels.swift in Sources */,
				DC2C570F2AAE08B400DAE563 /* String + Height.swift in Sources */,
				DC704B742A9FE3650048E52A /* AuthServiceProtocol.swift in Sources */,
				DC12EF9D2AA0649E00122BDB /* NetworkService.swift in Sources */,
				DC12EFA12AA07BED00122BDB /* NetworkingProtocol.swift in Sources */,
				DC2C570D2AADF78F00DAE563 /* NewsfeedCellLayoutCalculator.swift in Sources */,
				DC370AC92A9E5F3B002D12DB /* AppDelegate.swift in Sources */,
				DC370ACB2A9E5F3B002D12DB /* SceneDelegate.swift in Sources */,
				DCB8B4A52AABC7CD00BD7719 /* NewsfeedInteractor.swift in Sources */,
				DCB8B4A12AABC7CD00BD7719 /* NewsfeedWorker.swift in Sources */,
				DCB951912AAD0ECC002B708B /* WebImageView.swift in Sources */,
				DC86FFEF2A9E66B900A5DA98 /* AuthService.swift in Sources */,
				DCB8B4952AABA9CB00BD7719 /* FeedResponse.swift in Sources */,
				DC704B702A9FCDFC0048E52A /* AppConst.swift in Sources */,
				DC12EF9F2AA065E500122BDB /* API.swift in Sources */,
			);
			runOnlyForDeploymentPostprocessing = 0;
		};
		DC370AD72A9E5F3F002D12DB /* Sources */ = {
			isa = PBXSourcesBuildPhase;
			buildActionMask = 2147483647;
			files = (
				DC370AE02A9E5F3F002D12DB /* FSCSlutskyTests.swift in Sources */,
			);
			runOnlyForDeploymentPostprocessing = 0;
		};
		DC370AE12A9E5F3F002D12DB /* Sources */ = {
			isa = PBXSourcesBuildPhase;
			buildActionMask = 2147483647;
			files = (
				DC370AEA2A9E5F3F002D12DB /* FSCSlutskyUITests.swift in Sources */,
				DC370AEC2A9E5F3F002D12DB /* FSCSlutskyUITestsLaunchTests.swift in Sources */,
			);
			runOnlyForDeploymentPostprocessing = 0;
		};
/* End PBXSourcesBuildPhase section */

/* Begin PBXTargetDependency section */
		DC370ADD2A9E5F3F002D12DB /* PBXTargetDependency */ = {
			isa = PBXTargetDependency;
			target = DC370AC42A9E5F3B002D12DB /* FSCSlutsky */;
			targetProxy = DC370ADC2A9E5F3F002D12DB /* PBXContainerItemProxy */;
		};
		DC370AE72A9E5F3F002D12DB /* PBXTargetDependency */ = {
			isa = PBXTargetDependency;
			target = DC370AC42A9E5F3B002D12DB /* FSCSlutsky */;
			targetProxy = DC370AE62A9E5F3F002D12DB /* PBXContainerItemProxy */;
		};
/* End PBXTargetDependency section */

/* Begin PBXVariantGroup section */
		DC370AD32A9E5F3E002D12DB /* LaunchScreen.storyboard */ = {
			isa = PBXVariantGroup;
			children = (
				DC370AD42A9E5F3E002D12DB /* Base */,
			);
			name = LaunchScreen.storyboard;
			sourceTree = "<group>";
		};
/* End PBXVariantGroup section */

/* Begin XCBuildConfiguration section */
		DC370AED2A9E5F3F002D12DB /* Debug */ = {
			isa = XCBuildConfiguration;
			buildSettings = {
				ALWAYS_SEARCH_USER_PATHS = NO;
				CLANG_ANALYZER_NONNULL = YES;
				CLANG_ANALYZER_NUMBER_OBJECT_CONVERSION = YES_AGGRESSIVE;
				CLANG_CXX_LANGUAGE_STANDARD = "gnu++20";
				CLANG_ENABLE_MODULES = YES;
				CLANG_ENABLE_OBJC_ARC = YES;
				CLANG_ENABLE_OBJC_WEAK = YES;
				CLANG_WARN_BLOCK_CAPTURE_AUTORELEASING = YES;
				CLANG_WARN_BOOL_CONVERSION = YES;
				CLANG_WARN_COMMA = YES;
				CLANG_WARN_CONSTANT_CONVERSION = YES;
				CLANG_WARN_DEPRECATED_OBJC_IMPLEMENTATIONS = YES;
				CLANG_WARN_DIRECT_OBJC_ISA_USAGE = YES_ERROR;
				CLANG_WARN_DOCUMENTATION_COMMENTS = YES;
				CLANG_WARN_EMPTY_BODY = YES;
				CLANG_WARN_ENUM_CONVERSION = YES;
				CLANG_WARN_INFINITE_RECURSION = YES;
				CLANG_WARN_INT_CONVERSION = YES;
				CLANG_WARN_NON_LITERAL_NULL_CONVERSION = YES;
				CLANG_WARN_OBJC_IMPLICIT_RETAIN_SELF = YES;
				CLANG_WARN_OBJC_LITERAL_CONVERSION = YES;
				CLANG_WARN_OBJC_ROOT_CLASS = YES_ERROR;
				CLANG_WARN_QUOTED_INCLUDE_IN_FRAMEWORK_HEADER = YES;
				CLANG_WARN_RANGE_LOOP_ANALYSIS = YES;
				CLANG_WARN_STRICT_PROTOTYPES = YES;
				CLANG_WARN_SUSPICIOUS_MOVE = YES;
				CLANG_WARN_UNGUARDED_AVAILABILITY = YES_AGGRESSIVE;
				CLANG_WARN_UNREACHABLE_CODE = YES;
				CLANG_WARN__DUPLICATE_METHOD_MATCH = YES;
				COPY_PHASE_STRIP = NO;
				DEBUG_INFORMATION_FORMAT = dwarf;
				ENABLE_STRICT_OBJC_MSGSEND = YES;
				ENABLE_TESTABILITY = YES;
				GCC_C_LANGUAGE_STANDARD = gnu11;
				GCC_DYNAMIC_NO_PIC = NO;
				GCC_NO_COMMON_BLOCKS = YES;
				GCC_OPTIMIZATION_LEVEL = 0;
				GCC_PREPROCESSOR_DEFINITIONS = (
					"DEBUG=1",
					"$(inherited)",
				);
				GCC_WARN_64_TO_32_BIT_CONVERSION = YES;
				GCC_WARN_ABOUT_RETURN_TYPE = YES_ERROR;
				GCC_WARN_UNDECLARED_SELECTOR = YES;
				GCC_WARN_UNINITIALIZED_AUTOS = YES_AGGRESSIVE;
				GCC_WARN_UNUSED_FUNCTION = YES;
				GCC_WARN_UNUSED_VARIABLE = YES;
				IPHONEOS_DEPLOYMENT_TARGET = 16.4;
				MTL_ENABLE_DEBUG_INFO = INCLUDE_SOURCE;
				MTL_FAST_MATH = YES;
				ONLY_ACTIVE_ARCH = YES;
				SDKROOT = iphoneos;
				SWIFT_ACTIVE_COMPILATION_CONDITIONS = DEBUG;
				SWIFT_OPTIMIZATION_LEVEL = "-Onone";
			};
			name = Debug;
		};
		DC370AEE2A9E5F3F002D12DB /* Release */ = {
			isa = XCBuildConfiguration;
			buildSettings = {
				ALWAYS_SEARCH_USER_PATHS = NO;
				CLANG_ANALYZER_NONNULL = YES;
				CLANG_ANALYZER_NUMBER_OBJECT_CONVERSION = YES_AGGRESSIVE;
				CLANG_CXX_LANGUAGE_STANDARD = "gnu++20";
				CLANG_ENABLE_MODULES = YES;
				CLANG_ENABLE_OBJC_ARC = YES;
				CLANG_ENABLE_OBJC_WEAK = YES;
				CLANG_WARN_BLOCK_CAPTURE_AUTORELEASING = YES;
				CLANG_WARN_BOOL_CONVERSION = YES;
				CLANG_WARN_COMMA = YES;
				CLANG_WARN_CONSTANT_CONVERSION = YES;
				CLANG_WARN_DEPRECATED_OBJC_IMPLEMENTATIONS = YES;
				CLANG_WARN_DIRECT_OBJC_ISA_USAGE = YES_ERROR;
				CLANG_WARN_DOCUMENTATION_COMMENTS = YES;
				CLANG_WARN_EMPTY_BODY = YES;
				CLANG_WARN_ENUM_CONVERSION = YES;
				CLANG_WARN_INFINITE_RECURSION = YES;
				CLANG_WARN_INT_CONVERSION = YES;
				CLANG_WARN_NON_LITERAL_NULL_CONVERSION = YES;
				CLANG_WARN_OBJC_IMPLICIT_RETAIN_SELF = YES;
				CLANG_WARN_OBJC_LITERAL_CONVERSION = YES;
				CLANG_WARN_OBJC_ROOT_CLASS = YES_ERROR;
				CLANG_WARN_QUOTED_INCLUDE_IN_FRAMEWORK_HEADER = YES;
				CLANG_WARN_RANGE_LOOP_ANALYSIS = YES;
				CLANG_WARN_STRICT_PROTOTYPES = YES;
				CLANG_WARN_SUSPICIOUS_MOVE = YES;
				CLANG_WARN_UNGUARDED_AVAILABILITY = YES_AGGRESSIVE;
				CLANG_WARN_UNREACHABLE_CODE = YES;
				CLANG_WARN__DUPLICATE_METHOD_MATCH = YES;
				COPY_PHASE_STRIP = NO;
				DEBUG_INFORMATION_FORMAT = "dwarf-with-dsym";
				ENABLE_NS_ASSERTIONS = NO;
				ENABLE_STRICT_OBJC_MSGSEND = YES;
				GCC_C_LANGUAGE_STANDARD = gnu11;
				GCC_NO_COMMON_BLOCKS = YES;
				GCC_WARN_64_TO_32_BIT_CONVERSION = YES;
				GCC_WARN_ABOUT_RETURN_TYPE = YES_ERROR;
				GCC_WARN_UNDECLARED_SELECTOR = YES;
				GCC_WARN_UNINITIALIZED_AUTOS = YES_AGGRESSIVE;
				GCC_WARN_UNUSED_FUNCTION = YES;
				GCC_WARN_UNUSED_VARIABLE = YES;
				IPHONEOS_DEPLOYMENT_TARGET = 16.4;
				MTL_ENABLE_DEBUG_INFO = NO;
				MTL_FAST_MATH = YES;
				SDKROOT = iphoneos;
				SWIFT_COMPILATION_MODE = wholemodule;
				SWIFT_OPTIMIZATION_LEVEL = "-O";
				VALIDATE_PRODUCT = YES;
			};
			name = Release;
		};
		DC370AF02A9E5F3F002D12DB /* Debug */ = {
			isa = XCBuildConfiguration;
			baseConfigurationReference = 67F229982E9751C8DCC3883B /* Pods-FSCSlutsky.debug.xcconfig */;
			buildSettings = {
				ASSETCATALOG_COMPILER_APPICON_NAME = AppIcon;
				ASSETCATALOG_COMPILER_GLOBAL_ACCENT_COLOR_NAME = AccentColor;
				CODE_SIGN_STYLE = Automatic;
				CURRENT_PROJECT_VERSION = 1;
				DEVELOPMENT_TEAM = 463BUVCTYF;
				GENERATE_INFOPLIST_FILE = YES;
				INFOPLIST_FILE = FSCSlutsky/Info.plist;
				INFOPLIST_KEY_UIApplicationSupportsIndirectInputEvents = YES;
				INFOPLIST_KEY_UILaunchStoryboardName = LaunchScreen;
				INFOPLIST_KEY_UISupportedInterfaceOrientations_iPad = "UIInterfaceOrientationPortrait UIInterfaceOrientationPortraitUpsideDown UIInterfaceOrientationLandscapeLeft UIInterfaceOrientationLandscapeRight";
				INFOPLIST_KEY_UISupportedInterfaceOrientations_iPhone = "UIInterfaceOrientationPortrait UIInterfaceOrientationLandscapeLeft UIInterfaceOrientationLandscapeRight";
				LD_RUNPATH_SEARCH_PATHS = (
					"$(inherited)",
					"@executable_path/Frameworks",
				);
				MARKETING_VERSION = 1.0;
				PRODUCT_BUNDLE_IDENTIFIER = com.elpablo.FSCSlutsky;
				PRODUCT_NAME = "$(TARGET_NAME)";
				SWIFT_EMIT_LOC_STRINGS = YES;
				SWIFT_VERSION = 5.0;
				TARGETED_DEVICE_FAMILY = "1,2";
			};
			name = Debug;
		};
		DC370AF12A9E5F3F002D12DB /* Release */ = {
			isa = XCBuildConfiguration;
			baseConfigurationReference = 5B6519AEB16D0623A05BD232 /* Pods-FSCSlutsky.release.xcconfig */;
			buildSettings = {
				ASSETCATALOG_COMPILER_APPICON_NAME = AppIcon;
				ASSETCATALOG_COMPILER_GLOBAL_ACCENT_COLOR_NAME = AccentColor;
				CODE_SIGN_STYLE = Automatic;
				CURRENT_PROJECT_VERSION = 1;
				DEVELOPMENT_TEAM = 463BUVCTYF;
				GENERATE_INFOPLIST_FILE = YES;
				INFOPLIST_FILE = FSCSlutsky/Info.plist;
				INFOPLIST_KEY_UIApplicationSupportsIndirectInputEvents = YES;
				INFOPLIST_KEY_UILaunchStoryboardName = LaunchScreen;
				INFOPLIST_KEY_UISupportedInterfaceOrientations_iPad = "UIInterfaceOrientationPortrait UIInterfaceOrientationPortraitUpsideDown UIInterfaceOrientationLandscapeLeft UIInterfaceOrientationLandscapeRight";
				INFOPLIST_KEY_UISupportedInterfaceOrientations_iPhone = "UIInterfaceOrientationPortrait UIInterfaceOrientationLandscapeLeft UIInterfaceOrientationLandscapeRight";
				LD_RUNPATH_SEARCH_PATHS = (
					"$(inherited)",
					"@executable_path/Frameworks",
				);
				MARKETING_VERSION = 1.0;
				PRODUCT_BUNDLE_IDENTIFIER = com.elpablo.FSCSlutsky;
				PRODUCT_NAME = "$(TARGET_NAME)";
				SWIFT_EMIT_LOC_STRINGS = YES;
				SWIFT_VERSION = 5.0;
				TARGETED_DEVICE_FAMILY = "1,2";
			};
			name = Release;
		};
		DC370AF32A9E5F3F002D12DB /* Debug */ = {
			isa = XCBuildConfiguration;
			baseConfigurationReference = 5F6EAF22E754C5DB93774259 /* Pods-FSCSlutskyTests.debug.xcconfig */;
			buildSettings = {
				ALWAYS_EMBED_SWIFT_STANDARD_LIBRARIES = YES;
				BUNDLE_LOADER = "$(TEST_HOST)";
				CODE_SIGN_STYLE = Automatic;
				CURRENT_PROJECT_VERSION = 1;
				DEVELOPMENT_TEAM = 463BUVCTYF;
				GENERATE_INFOPLIST_FILE = YES;
				IPHONEOS_DEPLOYMENT_TARGET = 16.4;
				MARKETING_VERSION = 1.0;
				PRODUCT_BUNDLE_IDENTIFIER = com.elpablo.FSCSlutskyTests;
				PRODUCT_NAME = "$(TARGET_NAME)";
				SWIFT_EMIT_LOC_STRINGS = NO;
				SWIFT_VERSION = 5.0;
				TARGETED_DEVICE_FAMILY = "1,2";
				TEST_HOST = "$(BUILT_PRODUCTS_DIR)/FSCSlutsky.app/$(BUNDLE_EXECUTABLE_FOLDER_PATH)/FSCSlutsky";
			};
			name = Debug;
		};
		DC370AF42A9E5F3F002D12DB /* Release */ = {
			isa = XCBuildConfiguration;
			baseConfigurationReference = E3D22E325DB0345D7C5C8072 /* Pods-FSCSlutskyTests.release.xcconfig */;
			buildSettings = {
				ALWAYS_EMBED_SWIFT_STANDARD_LIBRARIES = YES;
				BUNDLE_LOADER = "$(TEST_HOST)";
				CODE_SIGN_STYLE = Automatic;
				CURRENT_PROJECT_VERSION = 1;
				DEVELOPMENT_TEAM = 463BUVCTYF;
				GENERATE_INFOPLIST_FILE = YES;
				IPHONEOS_DEPLOYMENT_TARGET = 16.4;
				MARKETING_VERSION = 1.0;
				PRODUCT_BUNDLE_IDENTIFIER = com.elpablo.FSCSlutskyTests;
				PRODUCT_NAME = "$(TARGET_NAME)";
				SWIFT_EMIT_LOC_STRINGS = NO;
				SWIFT_VERSION = 5.0;
				TARGETED_DEVICE_FAMILY = "1,2";
				TEST_HOST = "$(BUILT_PRODUCTS_DIR)/FSCSlutsky.app/$(BUNDLE_EXECUTABLE_FOLDER_PATH)/FSCSlutsky";
			};
			name = Release;
		};
		DC370AF62A9E5F3F002D12DB /* Debug */ = {
			isa = XCBuildConfiguration;
			baseConfigurationReference = DCDEF8476ECBF56C7B9E82BB /* Pods-FSCSlutsky-FSCSlutskyUITests.debug.xcconfig */;
			buildSettings = {
				ALWAYS_EMBED_SWIFT_STANDARD_LIBRARIES = YES;
				CODE_SIGN_STYLE = Automatic;
				CURRENT_PROJECT_VERSION = 1;
				DEVELOPMENT_TEAM = 463BUVCTYF;
				GENERATE_INFOPLIST_FILE = YES;
				MARKETING_VERSION = 1.0;
				PRODUCT_BUNDLE_IDENTIFIER = com.elpablo.FSCSlutskyUITests;
				PRODUCT_NAME = "$(TARGET_NAME)";
				SWIFT_EMIT_LOC_STRINGS = NO;
				SWIFT_VERSION = 5.0;
				TARGETED_DEVICE_FAMILY = "1,2";
				TEST_TARGET_NAME = FSCSlutsky;
			};
			name = Debug;
		};
		DC370AF72A9E5F3F002D12DB /* Release */ = {
			isa = XCBuildConfiguration;
			baseConfigurationReference = FBE17BCC8577506561842DC5 /* Pods-FSCSlutsky-FSCSlutskyUITests.release.xcconfig */;
			buildSettings = {
				ALWAYS_EMBED_SWIFT_STANDARD_LIBRARIES = YES;
				CODE_SIGN_STYLE = Automatic;
				CURRENT_PROJECT_VERSION = 1;
				DEVELOPMENT_TEAM = 463BUVCTYF;
				GENERATE_INFOPLIST_FILE = YES;
				MARKETING_VERSION = 1.0;
				PRODUCT_BUNDLE_IDENTIFIER = com.elpablo.FSCSlutskyUITests;
				PRODUCT_NAME = "$(TARGET_NAME)";
				SWIFT_EMIT_LOC_STRINGS = NO;
				SWIFT_VERSION = 5.0;
				TARGETED_DEVICE_FAMILY = "1,2";
				TEST_TARGET_NAME = FSCSlutsky;
			};
			name = Release;
		};
/* End XCBuildConfiguration section */

/* Begin XCConfigurationList section */
		DC370AC02A9E5F3B002D12DB /* Build configuration list for PBXProject "FSCSlutsky" */ = {
			isa = XCConfigurationList;
			buildConfigurations = (
				DC370AED2A9E5F3F002D12DB /* Debug */,
				DC370AEE2A9E5F3F002D12DB /* Release */,
			);
			defaultConfigurationIsVisible = 0;
			defaultConfigurationName = Release;
		};
		DC370AEF2A9E5F3F002D12DB /* Build configuration list for PBXNativeTarget "FSCSlutsky" */ = {
			isa = XCConfigurationList;
			buildConfigurations = (
				DC370AF02A9E5F3F002D12DB /* Debug */,
				DC370AF12A9E5F3F002D12DB /* Release */,
			);
			defaultConfigurationIsVisible = 0;
			defaultConfigurationName = Release;
		};
		DC370AF22A9E5F3F002D12DB /* Build configuration list for PBXNativeTarget "FSCSlutskyTests" */ = {
			isa = XCConfigurationList;
			buildConfigurations = (
				DC370AF32A9E5F3F002D12DB /* Debug */,
				DC370AF42A9E5F3F002D12DB /* Release */,
			);
			defaultConfigurationIsVisible = 0;
			defaultConfigurationName = Release;
		};
		DC370AF52A9E5F3F002D12DB /* Build configuration list for PBXNativeTarget "FSCSlutskyUITests" */ = {
			isa = XCConfigurationList;
			buildConfigurations = (
				DC370AF62A9E5F3F002D12DB /* Debug */,
				DC370AF72A9E5F3F002D12DB /* Release */,
			);
			defaultConfigurationIsVisible = 0;
			defaultConfigurationName = Release;
		};
/* End XCConfigurationList section */
	};
	rootObject = DC370ABD2A9E5F3B002D12DB /* Project object */;
}
